// !$*UTF8*$!
{
	archiveVersion = 1;
	classes = {
	};
	objectVersion = 50;
	objects = {

/* Begin PBXBuildFile section */
		A16232CC259F3D1400516E28 /* AppDelegate.swift in Sources */ = {isa = PBXBuildFile; fileRef = A16232CB259F3D1400516E28 /* AppDelegate.swift */; };
		A16232CE259F3D1400516E28 /* SceneDelegate.swift in Sources */ = {isa = PBXBuildFile; fileRef = A16232CD259F3D1400516E28 /* SceneDelegate.swift */; };
		A16232D0259F3D1400516E28 /* ViewController.swift in Sources */ = {isa = PBXBuildFile; fileRef = A16232CF259F3D1400516E28 /* ViewController.swift */; };
		A16232D3259F3D1400516E28 /* Main.storyboard in Resources */ = {isa = PBXBuildFile; fileRef = A16232D1259F3D1400516E28 /* Main.storyboard */; };
		A16232D5259F3D1500516E28 /* Assets.xcassets in Resources */ = {isa = PBXBuildFile; fileRef = A16232D4259F3D1500516E28 /* Assets.xcassets */; };
		A16232D8259F3D1500516E28 /* LaunchScreen.storyboard in Resources */ = {isa = PBXBuildFile; fileRef = A16232D6259F3D1500516E28 /* LaunchScreen.storyboard */; };
		A16232E3259F3D1500516E28 /* Jenkins_DemoTests.swift in Sources */ = {isa = PBXBuildFile; fileRef = A16232E2259F3D1500516E28 /* Jenkins_DemoTests.swift */; };
		A16232EE259F3D1500516E28 /* Jenkins_DemoUITests.swift in Sources */ = {isa = PBXBuildFile; fileRef = A16232ED259F3D1500516E28 /* Jenkins_DemoUITests.swift */; };
/* End PBXBuildFile section */

/* Begin PBXContainerItemProxy section */
		A16232DF259F3D1500516E28 /* PBXContainerItemProxy */ = {
			isa = PBXContainerItemProxy;
			containerPortal = A16232C0259F3D1400516E28 /* Project object */;
			proxyType = 1;
			remoteGlobalIDString = A16232C7259F3D1400516E28;
			remoteInfo = "Jenkins Demo";
		};
		A16232EA259F3D1500516E28 /* PBXContainerItemProxy */ = {
			isa = PBXContainerItemProxy;
			containerPortal = A16232C0259F3D1400516E28 /* Project object */;
			proxyType = 1;
			remoteGlobalIDString = A16232C7259F3D1400516E28;
			remoteInfo = "Jenkins Demo";
		};
/* End PBXContainerItemProxy section */

/* Begin PBXFileReference section */
		A16232C8259F3D1400516E28 /* Jenkins Demo.app */ = {isa = PBXFileReference; explicitFileType = wrapper.application; includeInIndex = 0; path = "Jenkins Demo.app"; sourceTree = BUILT_PRODUCTS_DIR; };
		A16232CB259F3D1400516E28 /* AppDelegate.swift */ = {isa = PBXFileReference; lastKnownFileType = sourcecode.swift; path = AppDelegate.swift; sourceTree = "<group>"; };
		A16232CD259F3D1400516E28 /* SceneDelegate.swift */ = {isa = PBXFileReference; lastKnownFileType = sourcecode.swift; path = SceneDelegate.swift; sourceTree = "<group>"; };
		A16232CF259F3D1400516E28 /* ViewController.swift */ = {isa = PBXFileReference; lastKnownFileType = sourcecode.swift; path = ViewController.swift; sourceTree = "<group>"; };
		A16232D2259F3D1400516E28 /* Base */ = {isa = PBXFileReference; lastKnownFileType = file.storyboard; name = Base; path = Base.lproj/Main.storyboard; sourceTree = "<group>"; };
		A16232D4259F3D1500516E28 /* Assets.xcassets */ = {isa = PBXFileReference; lastKnownFileType = folder.assetcatalog; path = Assets.xcassets; sourceTree = "<group>"; };
		A16232D7259F3D1500516E28 /* Base */ = {isa = PBXFileReference; lastKnownFileType = file.storyboard; name = Base; path = Base.lproj/LaunchScreen.storyboard; sourceTree = "<group>"; };
		A16232D9259F3D1500516E28 /* Info.plist */ = {isa = PBXFileReference; lastKnownFileType = text.plist.xml; path = Info.plist; sourceTree = "<group>"; };
		A16232DE259F3D1500516E28 /* Jenkins DemoTests.xctest */ = {isa = PBXFileReference; explicitFileType = wrapper.cfbundle; includeInIndex = 0; path = "Jenkins DemoTests.xctest"; sourceTree = BUILT_PRODUCTS_DIR; };
		A16232E2259F3D1500516E28 /* Jenkins_DemoTests.swift */ = {isa = PBXFileReference; lastKnownFileType = sourcecode.swift; path = Jenkins_DemoTests.swift; sourceTree = "<group>"; };
		A16232E4259F3D1500516E28 /* Info.plist */ = {isa = PBXFileReference; lastKnownFileType = text.plist.xml; path = Info.plist; sourceTree = "<group>"; };
		A16232E9259F3D1500516E28 /* Jenkins DemoUITests.xctest */ = {isa = PBXFileReference; explicitFileType = wrapper.cfbundle; includeInIndex = 0; path = "Jenkins DemoUITests.xctest"; sourceTree = BUILT_PRODUCTS_DIR; };
		A16232ED259F3D1500516E28 /* Jenkins_DemoUITests.swift */ = {isa = PBXFileReference; lastKnownFileType = sourcecode.swift; path = Jenkins_DemoUITests.swift; sourceTree = "<group>"; };
		A16232EF259F3D1500516E28 /* Info.plist */ = {isa = PBXFileReference; lastKnownFileType = text.plist.xml; path = Info.plist; sourceTree = "<group>"; };
/* End PBXFileReference section */

/* Begin PBXFrameworksBuildPhase section */
		A16232C5259F3D1400516E28 /* Frameworks */ = {
			isa = PBXFrameworksBuildPhase;
			buildActionMask = 2147483647;
			files = (
			);
			runOnlyForDeploymentPostprocessing = 0;
		};
		A16232DB259F3D1500516E28 /* Frameworks */ = {
			isa = PBXFrameworksBuildPhase;
			buildActionMask = 2147483647;
			files = (
			);
			runOnlyForDeploymentPostprocessing = 0;
		};
		A16232E6259F3D1500516E28 /* Frameworks */ = {
			isa = PBXFrameworksBuildPhase;
			buildActionMask = 2147483647;
			files = (
			);
			runOnlyForDeploymentPostprocessing = 0;
		};
/* End PBXFrameworksBuildPhase section */

/* Begin PBXGroup section */
		A16232BF259F3D1400516E28 = {
			isa = PBXGroup;
			children = (
				A16232CA259F3D1400516E28 /* Jenkins Demo */,
				A16232E1259F3D1500516E28 /* Jenkins DemoTests */,
				A16232EC259F3D1500516E28 /* Jenkins DemoUITests */,
				A16232C9259F3D1400516E28 /* Products */,
			);
			sourceTree = "<group>";
		};
		A16232C9259F3D1400516E28 /* Products */ = {
			isa = PBXGroup;
			children = (
				A16232C8259F3D1400516E28 /* Jenkins Demo.app */,
				A16232DE259F3D1500516E28 /* Jenkins DemoTests.xctest */,
				A16232E9259F3D1500516E28 /* Jenkins DemoUITests.xctest */,
			);
			name = Products;
			sourceTree = "<group>";
		};
		A16232CA259F3D1400516E28 /* Jenkins Demo */ = {
			isa = PBXGroup;
			children = (
				A16232CB259F3D1400516E28 /* AppDelegate.swift */,
				A16232CD259F3D1400516E28 /* SceneDelegate.swift */,
				A16232CF259F3D1400516E28 /* ViewController.swift */,
				A16232D1259F3D1400516E28 /* Main.storyboard */,
				A16232D4259F3D1500516E28 /* Assets.xcassets */,
				A16232D6259F3D1500516E28 /* LaunchScreen.storyboard */,
				A16232D9259F3D1500516E28 /* Info.plist */,
			);
			path = "Jenkins Demo";
			sourceTree = "<group>";
		};
		A16232E1259F3D1500516E28 /* Jenkins DemoTests */ = {
			isa = PBXGroup;
			children = (
				A16232E2259F3D1500516E28 /* Jenkins_DemoTests.swift */,
				A16232E4259F3D1500516E28 /* Info.plist */,
			);
			path = "Jenkins DemoTests";
			sourceTree = "<group>";
		};
		A16232EC259F3D1500516E28 /* Jenkins DemoUITests */ = {
			isa = PBXGroup;
			children = (
				A16232ED259F3D1500516E28 /* Jenkins_DemoUITests.swift */,
				A16232EF259F3D1500516E28 /* Info.plist */,
			);
			path = "Jenkins DemoUITests";
			sourceTree = "<group>";
		};
/* End PBXGroup section */

/* Begin PBXNativeTarget section */
		A16232C7259F3D1400516E28 /* Jenkins Demo */ = {
			isa = PBXNativeTarget;
			buildConfigurationList = A16232F2259F3D1500516E28 /* Build configuration list for PBXNativeTarget "Jenkins Demo" */;
			buildPhases = (
				A16232C4259F3D1400516E28 /* Sources */,
				A16232C5259F3D1400516E28 /* Frameworks */,
				A16232C6259F3D1400516E28 /* Resources */,
			);
			buildRules = (
			);
			dependencies = (
			);
			name = "Jenkins Demo";
			productName = "Jenkins Demo";
			productReference = A16232C8259F3D1400516E28 /* Jenkins Demo.app */;
			productType = "com.apple.product-type.application";
		};
		A16232DD259F3D1500516E28 /* Jenkins DemoTests */ = {
			isa = PBXNativeTarget;
			buildConfigurationList = A16232F5259F3D1500516E28 /* Build configuration list for PBXNativeTarget "Jenkins DemoTests" */;
			buildPhases = (
				A16232DA259F3D1500516E28 /* Sources */,
				A16232DB259F3D1500516E28 /* Frameworks */,
				A16232DC259F3D1500516E28 /* Resources */,
			);
			buildRules = (
			);
			dependencies = (
				A16232E0259F3D1500516E28 /* PBXTargetDependency */,
			);
			name = "Jenkins DemoTests";
			productName = "Jenkins DemoTests";
			productReference = A16232DE259F3D1500516E28 /* Jenkins DemoTests.xctest */;
			productType = "com.apple.product-type.bundle.unit-test";
		};
		A16232E8259F3D1500516E28 /* Jenkins DemoUITests */ = {
			isa = PBXNativeTarget;
			buildConfigurationList = A16232F8259F3D1500516E28 /* Build configuration list for PBXNativeTarget "Jenkins DemoUITests" */;
			buildPhases = (
				A16232E5259F3D1500516E28 /* Sources */,
				A16232E6259F3D1500516E28 /* Frameworks */,
				A16232E7259F3D1500516E28 /* Resources */,
			);
			buildRules = (
			);
			dependencies = (
				A16232EB259F3D1500516E28 /* PBXTargetDependency */,
			);
			name = "Jenkins DemoUITests";
			productName = "Jenkins DemoUITests";
			productReference = A16232E9259F3D1500516E28 /* Jenkins DemoUITests.xctest */;
			productType = "com.apple.product-type.bundle.ui-testing";
		};
/* End PBXNativeTarget section */

/* Begin PBXProject section */
		A16232C0259F3D1400516E28 /* Project object */ = {
			isa = PBXProject;
			attributes = {
				LastSwiftUpdateCheck = 1230;
				LastUpgradeCheck = 1230;
				TargetAttributes = {
					A16232C7259F3D1400516E28 = {
						CreatedOnToolsVersion = 12.3;
					};
					A16232DD259F3D1500516E28 = {
						CreatedOnToolsVersion = 12.3;
						TestTargetID = A16232C7259F3D1400516E28;
					};
					A16232E8259F3D1500516E28 = {
						CreatedOnToolsVersion = 12.3;
						TestTargetID = A16232C7259F3D1400516E28;
					};
				};
			};
			buildConfigurationList = A16232C3259F3D1400516E28 /* Build configuration list for PBXProject "Jenkins Demo" */;
			compatibilityVersion = "Xcode 9.3";
			developmentRegion = en;
			hasScannedForEncodings = 0;
			knownRegions = (
				en,
				Base,
			);
			mainGroup = A16232BF259F3D1400516E28;
			productRefGroup = A16232C9259F3D1400516E28 /* Products */;
			projectDirPath = "";
			projectRoot = "";
			targets = (
				A16232C7259F3D1400516E28 /* Jenkins Demo */,
				A16232DD259F3D1500516E28 /* Jenkins DemoTests */,
				A16232E8259F3D1500516E28 /* Jenkins DemoUITests */,
			);
		};
/* End PBXProject section */

/* Begin PBXResourcesBuildPhase section */
		A16232C6259F3D1400516E28 /* Resources */ = {
			isa = PBXResourcesBuildPhase;
			buildActionMask = 2147483647;
			files = (
				A16232D8259F3D1500516E28 /* LaunchScreen.storyboard in Resources */,
				A16232D5259F3D1500516E28 /* Assets.xcassets in Resources */,
				A16232D3259F3D1400516E28 /* Main.storyboard in Resources */,
			);
			runOnlyForDeploymentPostprocessing = 0;
		};
		A16232DC259F3D1500516E28 /* Resources */ = {
			isa = PBXResourcesBuildPhase;
			buildActionMask = 2147483647;
			files = (
			);
			runOnlyForDeploymentPostprocessing = 0;
		};
		A16232E7259F3D1500516E28 /* Resources */ = {
			isa = PBXResourcesBuildPhase;
			buildActionMask = 2147483647;
			files = (
			);
			runOnlyForDeploymentPostprocessing = 0;
		};
/* End PBXResourcesBuildPhase section */

/* Begin PBXSourcesBuildPhase section */
		A16232C4259F3D1400516E28 /* Sources */ = {
			isa = PBXSourcesBuildPhase;
			buildActionMask = 2147483647;
			files = (
				A16232D0259F3D1400516E28 /* ViewController.swift in Sources */,
				A16232CC259F3D1400516E28 /* AppDelegate.swift in Sources */,
				A16232CE259F3D1400516E28 /* SceneDelegate.swift in Sources */,
			);
			runOnlyForDeploymentPostprocessing = 0;
		};
		A16232DA259F3D1500516E28 /* Sources */ = {
			isa = PBXSourcesBuildPhase;
			buildActionMask = 2147483647;
			files = (
				A16232E3259F3D1500516E28 /* Jenkins_DemoTests.swift in Sources */,
			);
			runOnlyForDeploymentPostprocessing = 0;
		};
		A16232E5259F3D1500516E28 /* Sources */ = {
			isa = PBXSourcesBuildPhase;
			buildActionMask = 2147483647;
			files = (
				A16232EE259F3D1500516E28 /* Jenkins_DemoUITests.swift in Sources */,
			);
			runOnlyForDeploymentPostprocessing = 0;
		};
/* End PBXSourcesBuildPhase section */

/* Begin PBXTargetDependency section */
		A16232E0259F3D1500516E28 /* PBXTargetDependency */ = {
			isa = PBXTargetDependency;
			target = A16232C7259F3D1400516E28 /* Jenkins Demo */;
			targetProxy = A16232DF259F3D1500516E28 /* PBXContainerItemProxy */;
		};
		A16232EB259F3D1500516E28 /* PBXTargetDependency */ = {
			isa = PBXTargetDependency;
			target = A16232C7259F3D1400516E28 /* Jenkins Demo */;
			targetProxy = A16232EA259F3D1500516E28 /* PBXContainerItemProxy */;
		};
/* End PBXTargetDependency section */

/* Begin PBXVariantGroup section */
		A16232D1259F3D1400516E28 /* Main.storyboard */ = {
			isa = PBXVariantGroup;
			children = (
				A16232D2259F3D1400516E28 /* Base */,
			);
			name = Main.storyboard;
			sourceTree = "<group>";
		};
		A16232D6259F3D1500516E28 /* LaunchScreen.storyboard */ = {
			isa = PBXVariantGroup;
			children = (
				A16232D7259F3D1500516E28 /* Base */,
			);
			name = LaunchScreen.storyboard;
			sourceTree = "<group>";
		};
/* End PBXVariantGroup section */

/* Begin XCBuildConfiguration section */
		A16232F0259F3D1500516E28 /* Debug */ = {
			isa = XCBuildConfiguration;
			buildSettings = {
				ALWAYS_SEARCH_USER_PATHS = NO;
				CLANG_ANALYZER_NONNULL = YES;
				CLANG_ANALYZER_NUMBER_OBJECT_CONVERSION = YES_AGGRESSIVE;
				CLANG_CXX_LANGUAGE_STANDARD = "gnu++14";
				CLANG_CXX_LIBRARY = "libc++";
				CLANG_ENABLE_MODULES = YES;
				CLANG_ENABLE_OBJC_ARC = YES;
				CLANG_ENABLE_OBJC_WEAK = YES;
				CLANG_WARN_BLOCK_CAPTURE_AUTORELEASING = YES;
				CLANG_WARN_BOOL_CONVERSION = YES;
				CLANG_WARN_COMMA = YES;
				CLANG_WARN_CONSTANT_CONVERSION = YES;
				CLANG_WARN_DEPRECATED_OBJC_IMPLEMENTATIONS = YES;
				CLANG_WARN_DIRECT_OBJC_ISA_USAGE = YES_ERROR;
				CLANG_WARN_DOCUMENTATION_COMMENTS = YES;
				CLANG_WARN_EMPTY_BODY = YES;
				CLANG_WARN_ENUM_CONVERSION = YES;
				CLANG_WARN_INFINITE_RECURSION = YES;
				CLANG_WARN_INT_CONVERSION = YES;
				CLANG_WARN_NON_LITERAL_NULL_CONVERSION = YES;
				CLANG_WARN_OBJC_IMPLICIT_RETAIN_SELF = YES;
				CLANG_WARN_OBJC_LITERAL_CONVERSION = YES;
				CLANG_WARN_OBJC_ROOT_CLASS = YES_ERROR;
				CLANG_WARN_QUOTED_INCLUDE_IN_FRAMEWORK_HEADER = YES;
				CLANG_WARN_RANGE_LOOP_ANALYSIS = YES;
				CLANG_WARN_STRICT_PROTOTYPES = YES;
				CLANG_WARN_SUSPICIOUS_MOVE = YES;
				CLANG_WARN_UNGUARDED_AVAILABILITY = YES_AGGRESSIVE;
				CLANG_WARN_UNREACHABLE_CODE = YES;
				CLANG_WARN__DUPLICATE_METHOD_MATCH = YES;
				COPY_PHASE_STRIP = NO;
				DEBUG_INFORMATION_FORMAT = dwarf;
				ENABLE_STRICT_OBJC_MSGSEND = YES;
				ENABLE_TESTABILITY = YES;
				GCC_C_LANGUAGE_STANDARD = gnu11;
				GCC_DYNAMIC_NO_PIC = NO;
				GCC_NO_COMMON_BLOCKS = YES;
				GCC_OPTIMIZATION_LEVEL = 0;
				GCC_PREPROCESSOR_DEFINITIONS = (
					"DEBUG=1",
					"$(inherited)",
				);
				GCC_WARN_64_TO_32_BIT_CONVERSION = YES;
				GCC_WARN_ABOUT_RETURN_TYPE = YES_ERROR;
				GCC_WARN_UNDECLARED_SELECTOR = YES;
				GCC_WARN_UNINITIALIZED_AUTOS = YES_AGGRESSIVE;
				GCC_WARN_UNUSED_FUNCTION = YES;
				GCC_WARN_UNUSED_VARIABLE = YES;
				IPHONEOS_DEPLOYMENT_TARGET = 14.3;
				MTL_ENABLE_DEBUG_INFO = INCLUDE_SOURCE;
				MTL_FAST_MATH = YES;
				ONLY_ACTIVE_ARCH = YES;
				SDKROOT = iphoneos;
				SWIFT_ACTIVE_COMPILATION_CONDITIONS = DEBUG;
				SWIFT_OPTIMIZATION_LEVEL = "-Onone";
			};
			name = Debug;
		};
		A16232F1259F3D1500516E28 /* Release */ = {
			isa = XCBuildConfiguration;
			buildSettings = {
				ALWAYS_SEARCH_USER_PATHS = NO;
				CLANG_ANALYZER_NONNULL = YES;
				CLANG_ANALYZER_NUMBER_OBJECT_CONVERSION = YES_AGGRESSIVE;
				CLANG_CXX_LANGUAGE_STANDARD = "gnu++14";
				CLANG_CXX_LIBRARY = "libc++";
				CLANG_ENABLE_MODULES = YES;
				CLANG_ENABLE_OBJC_ARC = YES;
				CLANG_ENABLE_OBJC_WEAK = YES;
				CLANG_WARN_BLOCK_CAPTURE_AUTORELEASING = YES;
				CLANG_WARN_BOOL_CONVERSION = YES;
				CLANG_WARN_COMMA = YES;
				CLANG_WARN_CONSTANT_CONVERSION = YES;
				CLANG_WARN_DEPRECATED_OBJC_IMPLEMENTATIONS = YES;
				CLANG_WARN_DIRECT_OBJC_ISA_USAGE = YES_ERROR;
				CLANG_WARN_DOCUMENTATION_COMMENTS = YES;
				CLANG_WARN_EMPTY_BODY = YES;
				CLANG_WARN_ENUM_CONVERSION = YES;
				CLANG_WARN_INFINITE_RECURSION = YES;
				CLANG_WARN_INT_CONVERSION = YES;
				CLANG_WARN_NON_LITERAL_NULL_CONVERSION = YES;
				CLANG_WARN_OBJC_IMPLICIT_RETAIN_SELF = YES;
				CLANG_WARN_OBJC_LITERAL_CONVERSION = YES;
				CLANG_WARN_OBJC_ROOT_CLASS = YES_ERROR;
				CLANG_WARN_QUOTED_INCLUDE_IN_FRAMEWORK_HEADER = YES;
				CLANG_WARN_RANGE_LOOP_ANALYSIS = YES;
				CLANG_WARN_STRICT_PROTOTYPES = YES;
				CLANG_WARN_SUSPICIOUS_MOVE = YES;
				CLANG_WARN_UNGUARDED_AVAILABILITY = YES_AGGRESSIVE;
				CLANG_WARN_UNREACHABLE_CODE = YES;
				CLANG_WARN__DUPLICATE_METHOD_MATCH = YES;
				COPY_PHASE_STRIP = NO;
				DEBUG_INFORMATION_FORMAT = "dwarf-with-dsym";
				ENABLE_NS_ASSERTIONS = NO;
				ENABLE_STRICT_OBJC_MSGSEND = YES;
				GCC_C_LANGUAGE_STANDARD = gnu11;
				GCC_NO_COMMON_BLOCKS = YES;
				GCC_WARN_64_TO_32_BIT_CONVERSION = YES;
				GCC_WARN_ABOUT_RETURN_TYPE = YES_ERROR;
				GCC_WARN_UNDECLARED_SELECTOR = YES;
				GCC_WARN_UNINITIALIZED_AUTOS = YES_AGGRESSIVE;
				GCC_WARN_UNUSED_FUNCTION = YES;
				GCC_WARN_UNUSED_VARIABLE = YES;
				IPHONEOS_DEPLOYMENT_TARGET = 14.3;
				MTL_ENABLE_DEBUG_INFO = NO;
				MTL_FAST_MATH = YES;
				SDKROOT = iphoneos;
				SWIFT_COMPILATION_MODE = wholemodule;
				SWIFT_OPTIMIZATION_LEVEL = "-O";
				VALIDATE_PRODUCT = YES;
			};
			name = Release;
		};
		A16232F3259F3D1500516E28 /* Debug */ = {
			isa = XCBuildConfiguration;
			buildSettings = {
				ASSETCATALOG_COMPILER_APPICON_NAME = AppIcon;
				ASSETCATALOG_COMPILER_GLOBAL_ACCENT_COLOR_NAME = AccentColor;
				CODE_SIGN_STYLE = Automatic;
				INFOPLIST_FILE = "Jenkins Demo/Info.plist";
				LD_RUNPATH_SEARCH_PATHS = (
					"$(inherited)",
					"@executable_path/Frameworks",
				);
				PRODUCT_BUNDLE_IDENTIFIER = "com.app.demo.Jenkins-Demo";
				PRODUCT_NAME = "$(TARGET_NAME)";
				SWIFT_VERSION = 5.0;
				TARGETED_DEVICE_FAMILY = "1,2";
			};
			name = Debug;
		};
		A16232F4259F3D1500516E28 /* Release */ = {
			isa = XCBuildConfiguration;
			buildSettings = {
				ASSETCATALOG_COMPILER_APPICON_NAME = AppIcon;
				ASSETCATALOG_COMPILER_GLOBAL_ACCENT_COLOR_NAME = AccentColor;
				CODE_SIGN_STYLE = Automatic;
				INFOPLIST_FILE = "Jenkins Demo/Info.plist";
				LD_RUNPATH_SEARCH_PATHS = (
					"$(inherited)",
					"@executable_path/Frameworks",
				);
				PRODUCT_BUNDLE_IDENTIFIER = "com.app.demo.Jenkins-Demo";
				PRODUCT_NAME = "$(TARGET_NAME)";
				SWIFT_VERSION = 5.0;
				TARGETED_DEVICE_FAMILY = "1,2";
			};
			name = Release;
		};
		A16232F6259F3D1500516E28 /* Debug */ = {
			isa = XCBuildConfiguration;
			buildSettings = {
				ALWAYS_EMBED_SWIFT_STANDARD_LIBRARIES = YES;
				BUNDLE_LOADER = "$(TEST_HOST)";
				CODE_SIGN_STYLE = Automatic;
				INFOPLIST_FILE = "Jenkins DemoTests/Info.plist";
				IPHONEOS_DEPLOYMENT_TARGET = 14.3;
				LD_RUNPATH_SEARCH_PATHS = (
					"$(inherited)",
					"@executable_path/Frameworks",
					"@loader_path/Frameworks",
				);
				PRODUCT_BUNDLE_IDENTIFIER = "com.app.demo.Jenkins-DemoTests";
				PRODUCT_NAME = "$(TARGET_NAME)";
				SWIFT_VERSION = 5.0;
				TARGETED_DEVICE_FAMILY = "1,2";
				TEST_HOST = "$(BUILT_PRODUCTS_DIR)/Jenkins Demo.app/Jenkins Demo";
			};
			name = Debug;
		};
		A16232F7259F3D1500516E28 /* Release */ = {
			isa = XCBuildConfiguration;
			buildSettings = {
				ALWAYS_EMBED_SWIFT_STANDARD_LIBRARIES = YES;
				BUNDLE_LOADER = "$(TEST_HOST)";
				CODE_SIGN_STYLE = Automatic;
				INFOPLIST_FILE = "Jenkins DemoTests/Info.plist";
				IPHONEOS_DEPLOYMENT_TARGET = 14.3;
				LD_RUNPATH_SEARCH_PATHS = (
					"$(inherited)",
					"@executable_path/Frameworks",
					"@loader_path/Frameworks",
				);
				PRODUCT_BUNDLE_IDENTIFIER = "com.app.demo.Jenkins-DemoTests";
				PRODUCT_NAME = "$(TARGET_NAME)";
				SWIFT_VERSION = 5.0;
				TARGETED_DEVICE_FAMILY = "1,2";
				TEST_HOST = "$(BUILT_PRODUCTS_DIR)/Jenkins Demo.app/Jenkins Demo";
			};
			name = Release;
		};
		A16232F9259F3D1500516E28 /* Debug */ = {
			isa = XCBuildConfiguration;
			buildSettings = {
				ALWAYS_EMBED_SWIFT_STANDARD_LIBRARIES = YES;
				CODE_SIGN_STYLE = Automatic;
				INFOPLIST_FILE = "Jenkins DemoUITests/Info.plist";
				LD_RUNPATH_SEARCH_PATHS = (
					"$(inherited)",
					"@executable_path/Frameworks",
					"@loader_path/Frameworks",
				);
				PRODUCT_BUNDLE_IDENTIFIER = "com.app.demo.Jenkins-DemoUITests";
				PRODUCT_NAME = "$(TARGET_NAME)";
				SWIFT_VERSION = 5.0;
				TARGETED_DEVICE_FAMILY = "1,2";
				TEST_TARGET_NAME = "Jenkins Demo";
			};
			name = Debug;
		};
		A16232FA259F3D1500516E28 /* Release */ = {
			isa = XCBuildConfiguration;
			buildSettings = {
				ALWAYS_EMBED_SWIFT_STANDARD_LIBRARIES = YES;
				CODE_SIGN_STYLE = Automatic;
				INFOPLIST_FILE = "Jenkins DemoUITests/Info.plist";
				LD_RUNPATH_SEARCH_PATHS = (
					"$(inherited)",
					"@executable_path/Frameworks",
					"@loader_path/Frameworks",
				);
				PRODUCT_BUNDLE_IDENTIFIER = "com.app.demo.Jenkins-DemoUITests";
				PRODUCT_NAME = "$(TARGET_NAME)";
				SWIFT_VERSION = 5.0;
				TARGETED_DEVICE_FAMILY = "1,2";
				TEST_TARGET_NAME = "Jenkins Demo";
			};
			name = Release;
		};
/* End XCBuildConfiguration section */

/* Begin XCConfigurationList section */
		A16232C3259F3D1400516E28 /* Build configuration list for PBXProject "Jenkins Demo" */ = {
			isa = XCConfigurationList;
			buildConfigurations = (
				A16232F0259F3D1500516E28 /* Debug */,
				A16232F1259F3D1500516E28 /* Release */,
			);
			defaultConfigurationIsVisible = 0;
			defaultConfigurationName = Release;
		};
		A16232F2259F3D1500516E28 /* Build configuration list for PBXNativeTarget "Jenkins Demo" */ = {
			isa = XCConfigurationList;
			buildConfigurations = (
				A16232F3259F3D1500516E28 /* Debug */,
				A16232F4259F3D1500516E28 /* Release */,
			);
			defaultConfigurationIsVisible = 0;
			defaultConfigurationName = Release;
		};
		A16232F5259F3D1500516E28 /* Build configuration list for PBXNativeTarget "Jenkins DemoTests" */ = {
			isa = XCConfigurationList;
			buildConfigurations = (
				A16232F6259F3D1500516E28 /* Debug */,
				A16232F7259F3D1500516E28 /* Release */,
			);
			defaultConfigurationIsVisible = 0;
			defaultConfigurationName = Release;
		};
		A16232F8259F3D1500516E28 /* Build configuration list for PBXNativeTarget "Jenkins DemoUITests" */ = {
			isa = XCConfigurationList;
			buildConfigurations = (
				A16232F9259F3D1500516E28 /* Debug */,
				A16232FA259F3D1500516E28 /* Release */,
			);
			defaultConfigurationIsVisible = 0;
			defaultConfigurationName = Release;
		};
/* End XCConfigurationList section */
	};
	rootObject = A16232C0259F3D1400516E28 /* Project object */;
}
